
Microsoft Visual Studio Solution File, Format Version 12.00
# Visual Studio Version 16
VisualStudioVersion = 16.0.31515.178
MinimumVisualStudioVersion = 10.0.40219.1
Project("{2150E333-8FDC-42A3-9474-1A3956D46DE8}") = "src", "src", "{3097BC38-2410-4A32-8AED-3E6AA2F2745B}"
EndProject
Project("{2150E333-8FDC-42A3-9474-1A3956D46DE8}") = "1. Domain", "1. Domain", "{79B8A632-1D34-4502-AA5D-1B55502741A4}"
EndProject
Project("{2150E333-8FDC-42A3-9474-1A3956D46DE8}") = "2. Infrastructure", "2. Infrastructure", "{C69E5FA6-88C1-449C-B954-CF3FBE381513}"
EndProject
Project("{2150E333-8FDC-42A3-9474-1A3956D46DE8}") = "3. Services", "3. Services", "{9A2FBE4A-7D0F-4A08-A1EE-CA3134028C77}"
EndProject
Project("{2150E333-8FDC-42A3-9474-1A3956D46DE8}") = "4. Presentation", "4. Presentation", "{A391461C-56A6-402A-B427-3BA599B91DD5}"
EndProject
Project("{9A19103F-16F7-4668-BE54-9A1E7A4F7556}") = "UBCO.Core", "UBCO.Core\UBCO.Core.csproj", "{E4142781-F451-4DDD-A1DC-2AA70EA5A665}"
EndProject
Project("{9A19103F-16F7-4668-BE54-9A1E7A4F7556}") = "UBCO.Services", "UBCO.Services\UBCO.Services.csproj", "{9A72FD57-47D3-402C-B0B6-53BDABE7493E}"
EndProject
Project("{9A19103F-16F7-4668-BE54-9A1E7A4F7556}") = "UBCO.Services.Tests", "UBCO.Services.Tests\UBCO.Services.Tests.csproj", "{B3F1CF2D-E645-49B8-B589-ED595236009A}"
EndProject
Project("{FAE04EC0-301F-11D3-BF4B-00C04F79EFBC}") = "UBCO.Presentation.API", "..\UBCO.Presentation.API\UBCO.Presentation.API.csproj", "{66D64734-1DBA-4E77-BCEB-B227AB60848F}"
EndProject
Global
	GlobalSection(SolutionConfigurationPlatforms) = preSolution
		Debug|Any CPU = Debug|Any CPU
		Release|Any CPU = Release|Any CPU
	EndGlobalSection
	GlobalSection(ProjectConfigurationPlatforms) = postSolution
		{E4142781-F451-4DDD-A1DC-2AA70EA5A665}.Debug|Any CPU.ActiveCfg = Debug|Any CPU
		{E4142781-F451-4DDD-A1DC-2AA70EA5A665}.Debug|Any CPU.Build.0 = Debug|Any CPU
		{E4142781-F451-4DDD-A1DC-2AA70EA5A665}.Release|Any CPU.ActiveCfg = Release|Any CPU
		{E4142781-F451-4DDD-A1DC-2AA70EA5A665}.Release|Any CPU.Build.0 = Release|Any CPU
		{9A72FD57-47D3-402C-B0B6-53BDABE7493E}.Debug|Any CPU.ActiveCfg = Debug|Any CPU
		{9A72FD57-47D3-402C-B0B6-53BDABE7493E}.Debug|Any CPU.Build.0 = Debug|Any CPU
		{9A72FD57-47D3-402C-B0B6-53BDABE7493E}.Release|Any CPU.ActiveCfg = Release|Any CPU
		{9A72FD57-47D3-402C-B0B6-53BDABE7493E}.Release|Any CPU.Build.0 = Release|Any CPU
		{B3F1CF2D-E645-49B8-B589-ED595236009A}.Debug|Any CPU.ActiveCfg = Debug|Any CPU
		{B3F1CF2D-E645-49B8-B589-ED595236009A}.Debug|Any CPU.Build.0 = Debug|Any CPU
		{B3F1CF2D-E645-49B8-B589-ED595236009A}.Release|Any CPU.ActiveCfg = Release|Any CPU
		{B3F1CF2D-E645-49B8-B589-ED595236009A}.Release|Any CPU.Build.0 = Release|Any CPU
		{66D64734-1DBA-4E77-BCEB-B227AB60848F}.Debug|Any CPU.ActiveCfg = Debug|Any CPU
		{66D64734-1DBA-4E77-BCEB-B227AB60848F}.Debug|Any CPU.Build.0 = Debug|Any CPU
		{66D64734-1DBA-4E77-BCEB-B227AB60848F}.Release|Any CPU.ActiveCfg = Release|Any CPU
		{66D64734-1DBA-4E77-BCEB-B227AB60848F}.Release|Any CPU.Build.0 = Release|Any CPU
	EndGlobalSection
	GlobalSection(SolutionProperties) = preSolution
		HideSolutionNode = FALSE
	EndGlobalSection
	GlobalSection(NestedProjects) = preSolution
		{79B8A632-1D34-4502-AA5D-1B55502741A4} = {3097BC38-2410-4A32-8AED-3E6AA2F2745B}
		{C69E5FA6-88C1-449C-B954-CF3FBE381513} = {3097BC38-2410-4A32-8AED-3E6AA2F2745B}
		{9A2FBE4A-7D0F-4A08-A1EE-CA3134028C77} = {3097BC38-2410-4A32-8AED-3E6AA2F2745B}
		{A391461C-56A6-402A-B427-3BA599B91DD5} = {3097BC38-2410-4A32-8AED-3E6AA2F2745B}
		{E4142781-F451-4DDD-A1DC-2AA70EA5A665} = {79B8A632-1D34-4502-AA5D-1B55502741A4}
		{9A72FD57-47D3-402C-B0B6-53BDABE7493E} = {9A2FBE4A-7D0F-4A08-A1EE-CA3134028C77}
		{B3F1CF2D-E645-49B8-B589-ED595236009A} = {9A2FBE4A-7D0F-4A08-A1EE-CA3134028C77}
		{66D64734-1DBA-4E77-BCEB-B227AB60848F} = {A391461C-56A6-402A-B427-3BA599B91DD5}
	EndGlobalSection
	GlobalSection(ExtensibilityGlobals) = postSolution
		SolutionGuid = {199FEC44-ED50-42AF-B2A1-2A66ECDBCC45}
	EndGlobalSection
EndGlobal
